
Microsoft Visual Studio Solution File, Format Version 12.00
# Visual Studio Version 17
VisualStudioVersion = 17.7.34009.444
MinimumVisualStudioVersion = 10.0.40219.1
Project("{FAE04EC0-301F-11D3-BF4B-00C04F79EFBC}") = "comp306_lab02_aunraza", "comp306_lab02_aunraza\comp306_lab02_aunraza.csproj", "{A2FAEEC9-A667-493D-A0A3-42011C6DFEC4}"
EndProject
Global
	GlobalSection(SolutionConfigurationPlatforms) = preSolution
		Debug|Any CPU = Debug|Any CPU
		Release|Any CPU = Release|Any CPU
	EndGlobalSection
	GlobalSection(ProjectConfigurationPlatforms) = postSolution
		{A2FAEEC9-A667-493D-A0A3-42011C6DFEC4}.Debug|Any CPU.ActiveCfg = Debug|Any CPU
		{A2FAEEC9-A667-493D-A0A3-42011C6DFEC4}.Debug|Any CPU.Build.0 = Debug|Any CPU
		{A2FAEEC9-A667-493D-A0A3-42011C6DFEC4}.Release|Any CPU.ActiveCfg = Release|Any CPU
		{A2FAEEC9-A667-493D-A0A3-42011C6DFEC4}.Release|Any CPU.Build.0 = Release|Any CPU
	EndGlobalSection
	GlobalSection(SolutionProperties) = preSolution
		HideSolutionNode = FALSE
	EndGlobalSection
	GlobalSection(ExtensibilityGlobals) = postSolution
		SolutionGuid = {7DF2F760-C18C-456B-A074-66F1B076FE17}
	EndGlobalSection
EndGlobal
